
Microsoft Visual Studio Solution File, Format Version 12.00
# Visual Studio Version 16
VisualStudioVersion = 16.0.30503.244
MinimumVisualStudioVersion = 10.0.40219.1
Project("{FAE04EC0-301F-11D3-BF4B-00C04F79EFBC}") = "CardApp", "CardApp.csproj", "{92BE71C5-2BDE-4378-AEBB-5F575C67265A}"
EndProject
Global
	GlobalSection(SolutionConfigurationPlatforms) = preSolution
		Debug|Any CPU = Debug|Any CPU
		Release|Any CPU = Release|Any CPU
	EndGlobalSection
	GlobalSection(ProjectConfigurationPlatforms) = postSolution
		{92BE71C5-2BDE-4378-AEBB-5F575C67265A}.Debug|Any CPU.ActiveCfg = Debug|Any CPU
		{92BE71C5-2BDE-4378-AEBB-5F575C67265A}.Debug|Any CPU.Build.0 = Debug|Any CPU
		{92BE71C5-2BDE-4378-AEBB-5F575C67265A}.Release|Any CPU.ActiveCfg = Release|Any CPU
		{92BE71C5-2BDE-4378-AEBB-5F575C67265A}.Release|Any CPU.Build.0 = Release|Any CPU
	EndGlobalSection
	GlobalSection(SolutionProperties) = preSolution
		HideSolutionNode = FALSE
	EndGlobalSection
	GlobalSection(ExtensibilityGlobals) = postSolution
		SolutionGuid = {5D5DF11B-95C2-43B9-A7DA-2B20F7C4A157}
	EndGlobalSection
EndGlobal
